
Microsoft Visual Studio Solution File, Format Version 12.00
# Visual Studio Version 17
VisualStudioVersion = 17.5.33530.505
MinimumVisualStudioVersion = 10.0.40219.1
Project("{D954291E-2A0B-460D-934E-DC6B0785DB48}") = "Antelcat.Shared.Extensions.StringExtension", "Antelcat.Shared.Extensions.StringExtension\Antelcat.Shared.Extensions.StringExtension.shproj", "{150CEBEC-809B-4C90-9F43-B74EFCE9D5E3}"
EndProject
Project("{9A19103F-16F7-4668-BE54-9A1E7A4F7556}") = "Antelcat.Shared.Test", "Antelcat.Shared.Test\Antelcat.Shared.Test.csproj", "{9F95051F-F569-4BF7-9A2B-72D450DDFAB2}"
EndProject
Project("{9A19103F-16F7-4668-BE54-9A1E7A4F7556}") = "Antelcat.Shared.Standard", "Antelcat.Shared.Standard\Antelcat.Shared.Standard.csproj", "{085D4754-669A-4964-94CC-18B568864CDC}"
EndProject
Project("{D954291E-2A0B-460D-934E-DC6B0785DB48}") = "Antelcat.Shared.IL", "Antelcat.Shared.IL\Antelcat.Shared.IL.shproj", "{3AB3FD3D-C47D-4B09-87D7-299ABCE37BD2}"
EndProject
Project("{D954291E-2A0B-460D-934E-DC6B0785DB48}") = "Antelcat.Shared.Extensions.ServiceExtension", "Antelcat.Shared.Extensions.ServiceExtension\Antelcat.Shared.Extensions.ServiceExtension.shproj", "{29501F1B-F841-491A-8CAD-F650EA645F4C}"
EndProject
Project("{D954291E-2A0B-460D-934E-DC6B0785DB48}") = "Antelcat.Shared.DependencyInjection.Autowired", "Antelcat.Shared.DependencyInjection.Autowired\Antelcat.Shared.DependencyInjection.Autowired.shproj", "{C1EEE7E2-07F3-4970-9489-783254DE0F8D}"
EndProject
Project("{D954291E-2A0B-460D-934E-DC6B0785DB48}") = "Antelcat.Shared.Runtime.CompileService", "Antelcat.Shared.Runtime.CompileService\Antelcat.Shared.Runtime.CompileService.shproj", "{9EE3F4BA-04A9-44B9-A75E-61D368E810E1}"
EndProject
Project("{D954291E-2A0B-460D-934E-DC6B0785DB48}") = "Antelcat.Shared.Extensions.LinqExtension", "Antelcat.Shared.Extensions.LinqExtension\Antelcat.Shared.Extensions.LinqExtension.shproj", "{AAD7AE77-142C-4E1A-9CEE-D4825E489B6A}"
EndProject
Global
	GlobalSection(SolutionConfigurationPlatforms) = preSolution
		Debug|Any CPU = Debug|Any CPU
		Release|Any CPU = Release|Any CPU
	EndGlobalSection
	GlobalSection(ProjectConfigurationPlatforms) = postSolution
		{9F95051F-F569-4BF7-9A2B-72D450DDFAB2}.Debug|Any CPU.ActiveCfg = Debug|Any CPU
		{9F95051F-F569-4BF7-9A2B-72D450DDFAB2}.Debug|Any CPU.Build.0 = Debug|Any CPU
		{9F95051F-F569-4BF7-9A2B-72D450DDFAB2}.Release|Any CPU.ActiveCfg = Release|Any CPU
		{9F95051F-F569-4BF7-9A2B-72D450DDFAB2}.Release|Any CPU.Build.0 = Release|Any CPU
		{085D4754-669A-4964-94CC-18B568864CDC}.Debug|Any CPU.ActiveCfg = Debug|Any CPU
		{085D4754-669A-4964-94CC-18B568864CDC}.Debug|Any CPU.Build.0 = Debug|Any CPU
		{085D4754-669A-4964-94CC-18B568864CDC}.Release|Any CPU.ActiveCfg = Release|Any CPU
		{085D4754-669A-4964-94CC-18B568864CDC}.Release|Any CPU.Build.0 = Release|Any CPU
	EndGlobalSection
	GlobalSection(SolutionProperties) = preSolution
		HideSolutionNode = FALSE
	EndGlobalSection
	GlobalSection(ExtensibilityGlobals) = postSolution
		SolutionGuid = {D6FBF73E-4457-4797-B187-E3AB0EF6F24B}
	EndGlobalSection
	GlobalSection(SharedMSBuildProjectFiles) = preSolution
		Antelcat.Shared.DependencyInjection.Autowired\Antelcat.Shared.DependencyInjection.Autowired.projitems*{085d4754-669a-4964-94cc-18b568864cdc}*SharedItemsImports = 5
		Antelcat.Shared.Extensions.LinqExtension\Antelcat.Shared.Extensions.LinqExtension.projitems*{085d4754-669a-4964-94cc-18b568864cdc}*SharedItemsImports = 5
		Antelcat.Shared.Extensions.ServiceExtension\Antelcat.Shared.Extensions.ServiceExtension.projitems*{085d4754-669a-4964-94cc-18b568864cdc}*SharedItemsImports = 5
		Antelcat.Shared.Extensions.StringExtension\Antelcat.Shared.Extensions.StringExtension.projitems*{085d4754-669a-4964-94cc-18b568864cdc}*SharedItemsImports = 5
		Antelcat.Shared.IL\Antelcat.Shared.IL.projitems*{085d4754-669a-4964-94cc-18b568864cdc}*SharedItemsImports = 5
		Antelcat.Shared.Runtime.CompileService\Antelcat.Shared.Runtime.CompileService.projitems*{085d4754-669a-4964-94cc-18b568864cdc}*SharedItemsImports = 5
		Antelcat.Shared.Extensions.StringExtension\Antelcat.Shared.Extensions.StringExtension.projitems*{150cebec-809b-4c90-9f43-b74efce9d5e3}*SharedItemsImports = 13
		Antelcat.Shared.Extensions.ServiceExtension\Antelcat.Shared.Extensions.ServiceExtension.projitems*{29501f1b-f841-491a-8cad-f650ea645f4c}*SharedItemsImports = 13
		Antelcat.Shared.IL\Antelcat.Shared.IL.projitems*{3ab3fd3d-c47d-4b09-87d7-299abce37bd2}*SharedItemsImports = 13
		Antelcat.Shared.Runtime.CompileService\Antelcat.Shared.Runtime.CompileService.projitems*{9ee3f4ba-04a9-44b9-a75e-61d368e810e1}*SharedItemsImports = 13
		Antelcat.Shared.DependencyInjection.Autowired\Antelcat.Shared.DependencyInjection.Autowired.projitems*{9f95051f-f569-4bf7-9a2b-72d450ddfab2}*SharedItemsImports = 5
		Antelcat.Shared.Extensions.LinqExtension\Antelcat.Shared.Extensions.LinqExtension.projitems*{9f95051f-f569-4bf7-9a2b-72d450ddfab2}*SharedItemsImports = 5
		Antelcat.Shared.Extensions.ServiceExtension\Antelcat.Shared.Extensions.ServiceExtension.projitems*{9f95051f-f569-4bf7-9a2b-72d450ddfab2}*SharedItemsImports = 5
		Antelcat.Shared.Extensions.StringExtension\Antelcat.Shared.Extensions.StringExtension.projitems*{9f95051f-f569-4bf7-9a2b-72d450ddfab2}*SharedItemsImports = 5
		Antelcat.Shared.IL\Antelcat.Shared.IL.projitems*{9f95051f-f569-4bf7-9a2b-72d450ddfab2}*SharedItemsImports = 5
		Antelcat.Shared.Runtime.CompileService\Antelcat.Shared.Runtime.CompileService.projitems*{9f95051f-f569-4bf7-9a2b-72d450ddfab2}*SharedItemsImports = 5
		Antelcat.Shared.Extensions.LinqExtension\Antelcat.Shared.Extensions.LinqExtension.projitems*{aad7ae77-142c-4e1a-9cee-d4825e489b6a}*SharedItemsImports = 13
		Antelcat.Shared.DependencyInjection.Autowired\Antelcat.Shared.DependencyInjection.Autowired.projitems*{c1eee7e2-07f3-4970-9489-783254de0f8d}*SharedItemsImports = 13
	EndGlobalSection
EndGlobal
